<?xml version="1.0" encoding="UTF-8"?>
<Scheme
   LastUpgradeVersion = "1540"
   version = "1.8">
   <BuildAction
      parallelizeBuildables = "YES"
      buildImplicitDependencies = "YES">
      <BuildActionEntries>
         <BuildActionEntry
            buildForTesting = "YES"
            buildForRunning = "YES"
            buildForProfiling = "YES"
            buildForArchiving = "YES"
            buildForAnalyzing = "YES">
            <BuildableReference
               BuildableIdentifier = "primary"
               BlueprintIdentifier = "4941A0EE2BB6F59900CE3C9E"
               BuildableName = "compile"
               BlueprintName = "compile"
               ReferencedContainer = "container:LucidVM.xcodeproj">
            </BuildableReference>
         </BuildActionEntry>
      </BuildActionEntries>
   </BuildAction>
   <TestAction
      buildConfiguration = "Debug"
      selectedDebuggerIdentifier = "Xcode.DebuggerFoundation.Debugger.LLDB"
      selectedLauncherIdentifier = "Xcode.DebuggerFoundation.Launcher.LLDB"
      shouldUseLaunchSchemeArgsEnv = "YES"
      shouldAutocreateTestPlan = "YES">
      <Testables>
      </Testables>
   </TestAction>
   <LaunchAction
      buildConfiguration = "Debug"
      selectedDebuggerIdentifier = "Xcode.DebuggerFoundation.Debugger.LLDB"
      selectedLauncherIdentifier = "Xcode.DebuggerFoundation.Launcher.LLDB"
      launchStyle = "0"
      useCustomWorkingDirectory = "YES"
      customWorkingDirectory = "/Users/cmarrin/Projects/git/LucidVM"
      ignoresPersistentStateOnLaunch = "NO"
      debugDocumentVersioning = "YES"
      debugServiceExtension = "internal"
      allowLocationSimulation = "YES"
      viewDebuggingEnabled = "No">
      <BuildableProductRunnable
         runnableDebuggingMode = "0">
         <BuildableReference
            BuildableIdentifier = "primary"
            BlueprintIdentifier = "4941A0EE2BB6F59900CE3C9E"
            BuildableName = "compile"
            BlueprintName = "compile"
            ReferencedContainer = "container:LucidVM.xcodeproj">
         </BuildableReference>
      </BuildableProductRunnable>
      <CommandLineArguments>
         <CommandLineArgument
            argument = "-d -x -h examples/simple.lucid"
            isEnabled = "NO">
         </CommandLineArgument>
         <CommandLineArgument
            argument = "-d -x -h Test/TestCore.lucid"
            isEnabled = "NO">
         </CommandLineArgument>
         <CommandLineArgument
            argument = "-d -x -h Test/TestExpr.lucid"
            isEnabled = "NO">
         </CommandLineArgument>
         <CommandLineArgument
            argument = "-d -x -h Test/TestIf.lucid"
            isEnabled = "NO">
         </CommandLineArgument>
         <CommandLineArgument
            argument = "-d -x -h Test/TestFunction.lucid"
            isEnabled = "NO">
         </CommandLineArgument>
         <CommandLineArgument
            argument = "-d -x -h Test/TestFor.lucid"
            isEnabled = "NO">
         </CommandLineArgument>
         <CommandLineArgument
            argument = "-d -x -h Test/TestWhile.lucid"
            isEnabled = "NO">
         </CommandLineArgument>
         <CommandLineArgument
            argument = "-h -x Test/TestCore.lucid Test/TestExpr.lucid Test/TestIf.lucid Test/TestFunction.lucid Test/TestFor.lucid Test/TestWhile.lucid"
            isEnabled = "YES">
         </CommandLineArgument>
      </CommandLineArguments>
   </LaunchAction>
   <ProfileAction
      buildConfiguration = "Release"
      shouldUseLaunchSchemeArgsEnv = "YES"
      savedToolIdentifier = ""
      useCustomWorkingDirectory = "NO"
      debugDocumentVersioning = "YES">
      <BuildableProductRunnable
         runnableDebuggingMode = "0">
         <BuildableReference
            BuildableIdentifier = "primary"
            BlueprintIdentifier = "4941A0EE2BB6F59900CE3C9E"
            BuildableName = "compile"
            BlueprintName = "compile"
            ReferencedContainer = "container:LucidVM.xcodeproj">
         </BuildableReference>
      </BuildableProductRunnable>
   </ProfileAction>
   <AnalyzeAction
      buildConfiguration = "Debug">
   </AnalyzeAction>
   <ArchiveAction
      buildConfiguration = "Release"
      revealArchiveInOrganizer = "YES">
   </ArchiveAction>
</Scheme>
