<?xml version="1.0" encoding="UTF-8"?>
<Scheme
   LastUpgradeVersion = "1340"
   version = "1.3">
   <BuildAction
      parallelizeBuildables = "YES"
      buildImplicitDependencies = "YES">
      <BuildActionEntries>
         <BuildActionEntry
            buildForTesting = "YES"
            buildForRunning = "YES"
            buildForProfiling = "YES"
            buildForArchiving = "YES"
            buildForAnalyzing = "YES">
            <BuildableReference
               BuildableIdentifier = "primary"
               BlueprintIdentifier = "49C9E7E12C95129300E58516"
               BuildableName = "Clover"
               BlueprintName = "Clover"
               ReferencedContainer = "container:Clover.xcodeproj">
            </BuildableReference>
         </BuildActionEntry>
      </BuildActionEntries>
   </BuildAction>
   <TestAction
      buildConfiguration = "Debug"
      selectedDebuggerIdentifier = "Xcode.DebuggerFoundation.Debugger.LLDB"
      selectedLauncherIdentifier = "Xcode.DebuggerFoundation.Launcher.LLDB"
      shouldUseLaunchSchemeArgsEnv = "YES">
      <Testables>
      </Testables>
   </TestAction>
   <LaunchAction
      buildConfiguration = "Debug"
      selectedDebuggerIdentifier = "Xcode.DebuggerFoundation.Debugger.LLDB"
      selectedLauncherIdentifier = "Xcode.DebuggerFoundation.Launcher.LLDB"
      launchStyle = "0"
      useCustomWorkingDirectory = "YES"
      customWorkingDirectory = "/Users/cmarrin/Projects/git/Clover"
      ignoresPersistentStateOnLaunch = "NO"
      debugDocumentVersioning = "YES"
      debugServiceExtension = "internal"
      allowLocationSimulation = "YES">
      <BuildableProductRunnable
         runnableDebuggingMode = "0">
         <BuildableReference
            BuildableIdentifier = "primary"
            BlueprintIdentifier = "49C9E7E12C95129300E58516"
            BuildableName = "Clover"
            BlueprintName = "Clover"
            ReferencedContainer = "container:Clover.xcodeproj">
         </BuildableReference>
      </BuildableProductRunnable>
      <CommandLineArguments>
         <CommandLineArgument
            argument = "-d -t examples/simple.clvr"
            isEnabled = "NO">
         </CommandLineArgument>
         <CommandLineArgument
            argument = "-d -t -h modules/Float16.clvr"
            isEnabled = "NO">
         </CommandLineArgument>
         <CommandLineArgument
            argument = "-d -a -h -l PostLightController/PostLightEffects.clvr"
            isEnabled = "NO">
         </CommandLineArgument>
         <CommandLineArgument
            argument = "-d -a -l PostLightController/PostLightEffects.clvr"
            isEnabled = "NO">
         </CommandLineArgument>
         <CommandLineArgument
            argument = "-d -t -h Test/TestCore.clvr"
            isEnabled = "NO">
         </CommandLineArgument>
         <CommandLineArgument
            argument = "-d -t -h Test/TestIntExpr.clvr"
            isEnabled = "NO">
         </CommandLineArgument>
         <CommandLineArgument
            argument = "-d -t -h Test/TestFloatExpr.clvr"
            isEnabled = "NO">
         </CommandLineArgument>
         <CommandLineArgument
            argument = "-d -t -h Test/TestIf.clvr"
            isEnabled = "NO">
         </CommandLineArgument>
         <CommandLineArgument
            argument = "-d -t -h Test/TestFunction.clvr"
            isEnabled = "NO">
         </CommandLineArgument>
         <CommandLineArgument
            argument = "-d -t -h Test/TestFor.clvr"
            isEnabled = "NO">
         </CommandLineArgument>
         <CommandLineArgument
            argument = "-d -t -h Test/TestWhile.clvr"
            isEnabled = "NO">
         </CommandLineArgument>
         <CommandLineArgument
            argument = "-d -t -h Test/TestPtrStruct.clvr"
            isEnabled = "NO">
         </CommandLineArgument>
         <CommandLineArgument
            argument = "-d -t -h Test/TestSwitchEnum.clvr"
            isEnabled = "NO">
         </CommandLineArgument>
         <CommandLineArgument
            argument = "-h -t Test/TestCore.clvr Test/TestIntExpr.clvr Test/TestFloatExpr.clvr Test/TestIf.clvr Test/TestFunction.clvr Test/TestFor.clvr Test/TestWhile.clvr Test/TestPtrStruct.clvr Test/TestSwitchEnum.clvr"
            isEnabled = "YES">
         </CommandLineArgument>
      </CommandLineArguments>
   </LaunchAction>
   <ProfileAction
      buildConfiguration = "Release"
      shouldUseLaunchSchemeArgsEnv = "YES"
      savedToolIdentifier = ""
      useCustomWorkingDirectory = "NO"
      debugDocumentVersioning = "YES">
      <BuildableProductRunnable
         runnableDebuggingMode = "0">
         <BuildableReference
            BuildableIdentifier = "primary"
            BlueprintIdentifier = "49C9E7E12C95129300E58516"
            BuildableName = "Clover"
            BlueprintName = "Clover"
            ReferencedContainer = "container:Clover.xcodeproj">
         </BuildableReference>
      </BuildableProductRunnable>
   </ProfileAction>
   <AnalyzeAction
      buildConfiguration = "Debug">
   </AnalyzeAction>
   <ArchiveAction
      buildConfiguration = "Release"
      revealArchiveInOrganizer = "YES">
   </ArchiveAction>
</Scheme>
