// !$*UTF8*$!
{
	archiveVersion = 1;
	classes = {
	};
	objectVersion = 54;
	objects = {

/* Begin PBXBuildFile section */
		498F24F32DF0942700DFB022 /* simplecpp.cpp in Sources */ = {isa = PBXBuildFile; fileRef = 498F24E12DF0942700DFB022 /* simplecpp.cpp */; };
		498F24FB2DF0942700DFB022 /* Scanner.cpp in Sources */ = {isa = PBXBuildFile; fileRef = 498F23BD2DF0942700DFB022 /* Scanner.cpp */; };
		498F25072DF0942700DFB022 /* NativeCore.cpp in Sources */ = {isa = PBXBuildFile; fileRef = 498F23B92DF0942700DFB022 /* NativeCore.cpp */; };
		498F251E2DF0942700DFB022 /* AST.cpp in Sources */ = {isa = PBXBuildFile; fileRef = 498F23A72DF0942700DFB022 /* AST.cpp */; };
		498F25232DF0942700DFB022 /* Interpreter.cpp in Sources */ = {isa = PBXBuildFile; fileRef = 498F23C42DF0942700DFB022 /* Interpreter.cpp */; };
		498F252B2DF0942700DFB022 /* CodeGenStackVM.cpp in Sources */ = {isa = PBXBuildFile; fileRef = 498F23AD2DF0942700DFB022 /* CodeGenStackVM.cpp */; };
		498F25432DF0942700DFB022 /* NativeCoreRuntime.cpp in Sources */ = {isa = PBXBuildFile; fileRef = 498F23C82DF0942700DFB022 /* NativeCoreRuntime.cpp */; };
		498F25572DF0942700DFB022 /* Function.cpp in Sources */ = {isa = PBXBuildFile; fileRef = 498F23B42DF0942700DFB022 /* Function.cpp */; };
		498F25672DF0942700DFB022 /* Compiler.cpp in Sources */ = {isa = PBXBuildFile; fileRef = 498F23AF2DF0942700DFB022 /* Compiler.cpp */; };
		498F25842DF0942700DFB022 /* CodeGen6809.cpp in Sources */ = {isa = PBXBuildFile; fileRef = 498F23AA2DF0942700DFB022 /* CodeGen6809.cpp */; };
		498F25A62DF0942700DFB022 /* Module.cpp in Sources */ = {isa = PBXBuildFile; fileRef = 498F23B72DF0942700DFB022 /* Module.cpp */; };
		498F25B42DF0942700DFB022 /* Decompiler.cpp in Sources */ = {isa = PBXBuildFile; fileRef = 498F23B12DF0942700DFB022 /* Decompiler.cpp */; };
		498F25DF2DF0942700DFB022 /* simplecpp.cpp in Sources */ = {isa = PBXBuildFile; fileRef = 498F24E12DF0942700DFB022 /* simplecpp.cpp */; };
		498F25E72DF0942700DFB022 /* Scanner.cpp in Sources */ = {isa = PBXBuildFile; fileRef = 498F23BD2DF0942700DFB022 /* Scanner.cpp */; };
		498F25F32DF0942700DFB022 /* NativeCore.cpp in Sources */ = {isa = PBXBuildFile; fileRef = 498F23B92DF0942700DFB022 /* NativeCore.cpp */; };
		498F260A2DF0942700DFB022 /* AST.cpp in Sources */ = {isa = PBXBuildFile; fileRef = 498F23A72DF0942700DFB022 /* AST.cpp */; };
		498F260F2DF0942700DFB022 /* Interpreter.cpp in Sources */ = {isa = PBXBuildFile; fileRef = 498F23C42DF0942700DFB022 /* Interpreter.cpp */; };
		498F26172DF0942700DFB022 /* CodeGenStackVM.cpp in Sources */ = {isa = PBXBuildFile; fileRef = 498F23AD2DF0942700DFB022 /* CodeGenStackVM.cpp */; };
		498F262F2DF0942700DFB022 /* NativeCoreRuntime.cpp in Sources */ = {isa = PBXBuildFile; fileRef = 498F23C82DF0942700DFB022 /* NativeCoreRuntime.cpp */; };
		498F26432DF0942700DFB022 /* Function.cpp in Sources */ = {isa = PBXBuildFile; fileRef = 498F23B42DF0942700DFB022 /* Function.cpp */; };
		498F26532DF0942700DFB022 /* Compiler.cpp in Sources */ = {isa = PBXBuildFile; fileRef = 498F23AF2DF0942700DFB022 /* Compiler.cpp */; };
		498F26702DF0942700DFB022 /* CodeGen6809.cpp in Sources */ = {isa = PBXBuildFile; fileRef = 498F23AA2DF0942700DFB022 /* CodeGen6809.cpp */; };
		498F26922DF0942700DFB022 /* Module.cpp in Sources */ = {isa = PBXBuildFile; fileRef = 498F23B72DF0942700DFB022 /* Module.cpp */; };
		498F26A02DF0942700DFB022 /* Decompiler.cpp in Sources */ = {isa = PBXBuildFile; fileRef = 498F23B12DF0942700DFB022 /* Decompiler.cpp */; };
		498F26FD2DF0942700DFB022 /* Interpreter.cpp in Sources */ = {isa = PBXBuildFile; fileRef = 498F23C42DF0942700DFB022 /* Interpreter.cpp */; };
		498F271D2DF0942700DFB022 /* NativeCoreRuntime.cpp in Sources */ = {isa = PBXBuildFile; fileRef = 498F23C82DF0942700DFB022 /* NativeCoreRuntime.cpp */; };
		498F27D92DF0981500DFB022 /* Format.cpp in Sources */ = {isa = PBXBuildFile; fileRef = 498F27D52DF0981500DFB022 /* Format.cpp */; };
		498F27DA2DF0981500DFB022 /* Format.cpp in Sources */ = {isa = PBXBuildFile; fileRef = 498F27D52DF0981500DFB022 /* Format.cpp */; };
		498F27DB2DF0981500DFB022 /* Format.cpp in Sources */ = {isa = PBXBuildFile; fileRef = 498F27D52DF0981500DFB022 /* Format.cpp */; };
		49C9E7B42C94F87500E58516 /* clvr.cpp in Sources */ = {isa = PBXBuildFile; fileRef = 49C9E7B22C94F87500E58516 /* clvr.cpp */; };
		49C9E7BC2C94FB4200E58516 /* clvr-interp.cpp in Sources */ = {isa = PBXBuildFile; fileRef = 49C9E7B32C94F87500E58516 /* clvr-interp.cpp */; };
		49C9E7BD2C95089D00E58516 /* clvr in CopyFiles */ = {isa = PBXBuildFile; fileRef = 4941A0EF2BB6F59900CE3C9E /* clvr */; settings = {ATTRIBUTES = (CodeSignOnCopy, ); }; };
		49C9E7CD2C95111C00E58516 /* clvr-interp in CopyFiles */ = {isa = PBXBuildFile; fileRef = 49C164A92C0297FB00981AD1 /* clvr-interp */; };
		49D70D2B2C95E86B000A325C /* Clover.cpp in Sources */ = {isa = PBXBuildFile; fileRef = 49D70D292C95E855000A325C /* Clover.cpp */; };
/* End PBXBuildFile section */

/* Begin PBXCopyFilesBuildPhase section */
		4941A0ED2BB6F59900CE3C9E /* CopyFiles */ = {
			isa = PBXCopyFilesBuildPhase;
			buildActionMask = 12;
			dstPath = /usr/local/bin;
			dstSubfolderSpec = 0;
			files = (
				49C9E7BD2C95089D00E58516 /* clvr in CopyFiles */,
			);
			runOnlyForDeploymentPostprocessing = 0;
		};
		49C164A72C0297FB00981AD1 /* CopyFiles */ = {
			isa = PBXCopyFilesBuildPhase;
			buildActionMask = 12;
			dstPath = /usr/local/bin;
			dstSubfolderSpec = 0;
			files = (
				49C9E7CD2C95111C00E58516 /* clvr-interp in CopyFiles */,
			);
			runOnlyForDeploymentPostprocessing = 0;
		};
		49C9E7E02C95129300E58516 /* CopyFiles */ = {
			isa = PBXCopyFilesBuildPhase;
			buildActionMask = 2147483647;
			dstPath = /usr/share/man/man1/;
			dstSubfolderSpec = 0;
			files = (
			);
			runOnlyForDeploymentPostprocessing = 1;
		};
/* End PBXCopyFilesBuildPhase section */

/* Begin PBXFileReference section */
		4914A48D2C4DD665003DDADA /* TestCore.h */ = {isa = PBXFileReference; fileEncoding = 4; lastKnownFileType = sourcecode.c.h; name = TestCore.h; path = ../Test/TestCore.h; sourceTree = "<group>"; };
		4914A48E2C4DD665003DDADA /* TestPtrStruct.clvr */ = {isa = PBXFileReference; explicitFileType = sourcecode.c; fileEncoding = 4; name = TestPtrStruct.clvr; path = ../Test/TestPtrStruct.clvr; sourceTree = "<group>"; };
		4914A48F2C4DD665003DDADA /* TestIf.clvr */ = {isa = PBXFileReference; explicitFileType = sourcecode.c; fileEncoding = 4; name = TestIf.clvr; path = ../Test/TestIf.clvr; sourceTree = "<group>"; };
		4914A4902C4DD665003DDADA /* TestWhile.h */ = {isa = PBXFileReference; fileEncoding = 4; lastKnownFileType = sourcecode.c.h; name = TestWhile.h; path = ../Test/TestWhile.h; sourceTree = "<group>"; };
		4914A4912C4DD665003DDADA /* TestCore.clvr */ = {isa = PBXFileReference; explicitFileType = sourcecode.c; fileEncoding = 4; name = TestCore.clvr; path = ../Test/TestCore.clvr; sourceTree = "<group>"; };
		4914A4922C4DD665003DDADA /* TestFor.clvr */ = {isa = PBXFileReference; explicitFileType = sourcecode.c; fileEncoding = 4; name = TestFor.clvr; path = ../Test/TestFor.clvr; sourceTree = "<group>"; };
		4914A4932C4DD665003DDADA /* TestFor.h */ = {isa = PBXFileReference; fileEncoding = 4; lastKnownFileType = sourcecode.c.h; name = TestFor.h; path = ../Test/TestFor.h; sourceTree = "<group>"; };
		4914A4942C4DD665003DDADA /* TestPtrStruct.h */ = {isa = PBXFileReference; fileEncoding = 4; lastKnownFileType = sourcecode.c.h; name = TestPtrStruct.h; path = ../Test/TestPtrStruct.h; sourceTree = "<group>"; };
		4914A4962C4DD665003DDADA /* TestWhile.clvr */ = {isa = PBXFileReference; explicitFileType = sourcecode.c; fileEncoding = 4; name = TestWhile.clvr; path = ../Test/TestWhile.clvr; sourceTree = "<group>"; };
		4914A4972C4DD665003DDADA /* Test.ino */ = {isa = PBXFileReference; explicitFileType = sourcecode.cpp.cpp; fileEncoding = 4; name = Test.ino; path = ../Test/Test.ino; sourceTree = "<group>"; };
		4914A4982C4DD665003DDADA /* TestFunction.h */ = {isa = PBXFileReference; fileEncoding = 4; lastKnownFileType = sourcecode.c.h; name = TestFunction.h; path = ../Test/TestFunction.h; sourceTree = "<group>"; };
		4914A4992C4DD665003DDADA /* TestIf.h */ = {isa = PBXFileReference; fileEncoding = 4; lastKnownFileType = sourcecode.c.h; name = TestIf.h; path = ../Test/TestIf.h; sourceTree = "<group>"; };
		4914A49A2C4DD665003DDADA /* TestFunction.clvr */ = {isa = PBXFileReference; explicitFileType = sourcecode.c; fileEncoding = 4; name = TestFunction.clvr; path = ../Test/TestFunction.clvr; sourceTree = "<group>"; };
		4941A0EF2BB6F59900CE3C9E /* clvr */ = {isa = PBXFileReference; explicitFileType = "compiled.mach-o.executable"; includeInIndex = 0; path = clvr; sourceTree = BUILT_PRODUCTS_DIR; };
		498F23A62DF0942700DFB022 /* AST.h */ = {isa = PBXFileReference; lastKnownFileType = sourcecode.c.h; path = AST.h; sourceTree = "<group>"; };
		498F23A72DF0942700DFB022 /* AST.cpp */ = {isa = PBXFileReference; lastKnownFileType = sourcecode.cpp.cpp; path = AST.cpp; sourceTree = "<group>"; };
		498F23A82DF0942700DFB022 /* CodeGen.h */ = {isa = PBXFileReference; lastKnownFileType = sourcecode.c.h; path = CodeGen.h; sourceTree = "<group>"; };
		498F23A92DF0942700DFB022 /* CodeGen6809.h */ = {isa = PBXFileReference; lastKnownFileType = sourcecode.c.h; path = CodeGen6809.h; sourceTree = "<group>"; };
		498F23AA2DF0942700DFB022 /* CodeGen6809.cpp */ = {isa = PBXFileReference; lastKnownFileType = sourcecode.cpp.cpp; path = CodeGen6809.cpp; sourceTree = "<group>"; };
		498F23AC2DF0942700DFB022 /* CodeGenStackVM.h */ = {isa = PBXFileReference; lastKnownFileType = sourcecode.c.h; path = CodeGenStackVM.h; sourceTree = "<group>"; };
		498F23AD2DF0942700DFB022 /* CodeGenStackVM.cpp */ = {isa = PBXFileReference; lastKnownFileType = sourcecode.cpp.cpp; path = CodeGenStackVM.cpp; sourceTree = "<group>"; };
		498F23AE2DF0942700DFB022 /* Compiler.h */ = {isa = PBXFileReference; lastKnownFileType = sourcecode.c.h; path = Compiler.h; sourceTree = "<group>"; };
		498F23AF2DF0942700DFB022 /* Compiler.cpp */ = {isa = PBXFileReference; lastKnownFileType = sourcecode.cpp.cpp; path = Compiler.cpp; sourceTree = "<group>"; };
		498F23B02DF0942700DFB022 /* Decompiler.h */ = {isa = PBXFileReference; lastKnownFileType = sourcecode.c.h; path = Decompiler.h; sourceTree = "<group>"; };
		498F23B12DF0942700DFB022 /* Decompiler.cpp */ = {isa = PBXFileReference; lastKnownFileType = sourcecode.cpp.cpp; path = Decompiler.cpp; sourceTree = "<group>"; };
		498F23B22DF0942700DFB022 /* Enum.h */ = {isa = PBXFileReference; lastKnownFileType = sourcecode.c.h; path = Enum.h; sourceTree = "<group>"; };
		498F23B32DF0942700DFB022 /* Function.h */ = {isa = PBXFileReference; lastKnownFileType = sourcecode.c.h; path = Function.h; sourceTree = "<group>"; };
		498F23B42DF0942700DFB022 /* Function.cpp */ = {isa = PBXFileReference; lastKnownFileType = sourcecode.cpp.cpp; path = Function.cpp; sourceTree = "<group>"; };
		498F23B52DF0942700DFB022 /* LICENSE */ = {isa = PBXFileReference; lastKnownFileType = text; path = LICENSE; sourceTree = "<group>"; };
		498F23B62DF0942700DFB022 /* Module.h */ = {isa = PBXFileReference; lastKnownFileType = sourcecode.c.h; path = Module.h; sourceTree = "<group>"; };
		498F23B72DF0942700DFB022 /* Module.cpp */ = {isa = PBXFileReference; lastKnownFileType = sourcecode.cpp.cpp; path = Module.cpp; sourceTree = "<group>"; };
		498F23B92DF0942700DFB022 /* NativeCore.cpp */ = {isa = PBXFileReference; lastKnownFileType = sourcecode.cpp.cpp; path = NativeCore.cpp; sourceTree = "<group>"; };
		498F23BA2DF0942700DFB022 /* OpInfo.h */ = {isa = PBXFileReference; lastKnownFileType = sourcecode.c.h; path = OpInfo.h; sourceTree = "<group>"; };
		498F23BB2DF0942700DFB022 /* README.md */ = {isa = PBXFileReference; lastKnownFileType = net.daringfireball.markdown; path = README.md; sourceTree = "<group>"; };
		498F23BC2DF0942700DFB022 /* Scanner.h */ = {isa = PBXFileReference; lastKnownFileType = sourcecode.c.h; path = Scanner.h; sourceTree = "<group>"; };
		498F23BD2DF0942700DFB022 /* Scanner.cpp */ = {isa = PBXFileReference; lastKnownFileType = sourcecode.cpp.cpp; path = Scanner.cpp; sourceTree = "<group>"; };
		498F23BE2DF0942700DFB022 /* Struct.h */ = {isa = PBXFileReference; lastKnownFileType = sourcecode.c.h; path = Struct.h; sourceTree = "<group>"; };
		498F23BF2DF0942700DFB022 /* Symbol.h */ = {isa = PBXFileReference; lastKnownFileType = sourcecode.c.h; path = Symbol.h; sourceTree = "<group>"; };
		498F23C12DF0942700DFB022 /* Clover.h */ = {isa = PBXFileReference; lastKnownFileType = sourcecode.c.h; path = Clover.h; sourceTree = "<group>"; };
		498F23C22DF0942700DFB022 /* Defines.h */ = {isa = PBXFileReference; lastKnownFileType = sourcecode.c.h; path = Defines.h; sourceTree = "<group>"; };
		498F23C32DF0942700DFB022 /* Interpreter.h */ = {isa = PBXFileReference; lastKnownFileType = sourcecode.c.h; path = Interpreter.h; sourceTree = "<group>"; };
		498F23C42DF0942700DFB022 /* Interpreter.cpp */ = {isa = PBXFileReference; lastKnownFileType = sourcecode.cpp.cpp; path = Interpreter.cpp; sourceTree = "<group>"; };
		498F23C52DF0942700DFB022 /* Memory.h */ = {isa = PBXFileReference; lastKnownFileType = sourcecode.c.h; path = Memory.h; sourceTree = "<group>"; };
		498F23C72DF0942700DFB022 /* NativeCore.h */ = {isa = PBXFileReference; lastKnownFileType = sourcecode.c.h; path = NativeCore.h; sourceTree = "<group>"; };
		498F23C82DF0942700DFB022 /* NativeCoreRuntime.cpp */ = {isa = PBXFileReference; lastKnownFileType = sourcecode.cpp.cpp; path = NativeCoreRuntime.cpp; sourceTree = "<group>"; };
		498F24E02DF0942700DFB022 /* simplecpp.h */ = {isa = PBXFileReference; lastKnownFileType = sourcecode.c.h; path = simplecpp.h; sourceTree = "<group>"; };
		498F24E12DF0942700DFB022 /* simplecpp.cpp */ = {isa = PBXFileReference; lastKnownFileType = sourcecode.cpp.cpp; path = simplecpp.cpp; sourceTree = "<group>"; };
		498F27D42DF0981500DFB022 /* Format.h */ = {isa = PBXFileReference; lastKnownFileType = sourcecode.c.h; path = Format.h; sourceTree = "<group>"; };
		498F27D52DF0981500DFB022 /* Format.cpp */ = {isa = PBXFileReference; lastKnownFileType = sourcecode.cpp.cpp; path = Format.cpp; sourceTree = "<group>"; };
		498F27D62DF0981500DFB022 /* LICENSE */ = {isa = PBXFileReference; lastKnownFileType = text; path = LICENSE; sourceTree = "<group>"; };
		498F27D72DF0981500DFB022 /* README.md */ = {isa = PBXFileReference; lastKnownFileType = net.daringfireball.markdown; path = README.md; sourceTree = "<group>"; };
		4993A6F32CAB6DA90060CCD4 /* TestIntExpr09.clvr */ = {isa = PBXFileReference; explicitFileType = sourcecode.cpp.cpp; name = TestIntExpr09.clvr; path = ../Test/TestIntExpr09.clvr; sourceTree = "<group>"; };
		499B10C62C9B0B9D0060AF63 /* CodeGenNotes.txt */ = {isa = PBXFileReference; fileEncoding = 4; lastKnownFileType = text; name = CodeGenNotes.txt; path = ../CodeGenNotes.txt; sourceTree = "<group>"; };
		499B10C72C9B9A0B0060AF63 /* simple.asm */ = {isa = PBXFileReference; lastKnownFileType = sourcecode.asm.asm; name = simple.asm; path = ../examples/simple.asm; sourceTree = "<group>"; };
		49A85D832C7A21B700E8F5F3 /* TestSwitchEnum.clvr */ = {isa = PBXFileReference; explicitFileType = sourcecode.cpp.cpp; name = TestSwitchEnum.clvr; path = ../Test/TestSwitchEnum.clvr; sourceTree = "<group>"; };
		49A85D842C7A220500E8F5F3 /* TestFloatExpr.clvr */ = {isa = PBXFileReference; explicitFileType = sourcecode.cpp.cpp; name = TestFloatExpr.clvr; path = ../Test/TestFloatExpr.clvr; sourceTree = "<group>"; };
		49A85D852C7A220500E8F5F3 /* TestIntExpr.clvr */ = {isa = PBXFileReference; explicitFileType = sourcecode.cpp.cpp; name = TestIntExpr.clvr; path = ../Test/TestIntExpr.clvr; sourceTree = "<group>"; };
		49AC18C72DBFF3E40089658D /* maze.c */ = {isa = PBXFileReference; lastKnownFileType = sourcecode.c.c; name = maze.c; path = ../examples/maze.c; sourceTree = SOURCE_ROOT; };
		49C164A42C025CD500981AD1 /* simple.clvr */ = {isa = PBXFileReference; explicitFileType = sourcecode.c; name = simple.clvr; path = ../examples/simple.clvr; sourceTree = "<group>"; };
		49C164A92C0297FB00981AD1 /* clvr-interp */ = {isa = PBXFileReference; explicitFileType = "compiled.mach-o.executable"; includeInIndex = 0; path = "clvr-interp"; sourceTree = BUILT_PRODUCTS_DIR; };
		49C5B3292CCBF4D900B6911E /* BOSS9.clvr */ = {isa = PBXFileReference; explicitFileType = sourcecode.cpp.cpp; name = BOSS9.clvr; path = ../examples/BOSS9.clvr; sourceTree = "<group>"; };
		49C9E7B22C94F87500E58516 /* clvr.cpp */ = {isa = PBXFileReference; fileEncoding = 4; lastKnownFileType = sourcecode.cpp.cpp; path = clvr.cpp; sourceTree = "<group>"; };
		49C9E7B32C94F87500E58516 /* clvr-interp.cpp */ = {isa = PBXFileReference; fileEncoding = 4; lastKnownFileType = sourcecode.cpp.cpp; path = "clvr-interp.cpp"; sourceTree = "<group>"; };
		49C9E7E22C95129300E58516 /* Clover */ = {isa = PBXFileReference; explicitFileType = "compiled.mach-o.executable"; includeInIndex = 0; path = Clover; sourceTree = BUILT_PRODUCTS_DIR; };
		49D70D292C95E855000A325C /* Clover.cpp */ = {isa = PBXFileReference; fileEncoding = 4; lastKnownFileType = sourcecode.cpp.cpp; path = Clover.cpp; sourceTree = "<group>"; };
		49D77B6A2CD44EDE00F5273B /* maze.clvr */ = {isa = PBXFileReference; explicitFileType = sourcecode.cpp.cpp; name = maze.clvr; path = ../examples/maze.clvr; sourceTree = SOURCE_ROOT; };
		49E2F2982C8F4652007E0F0A /* Float16.clvr */ = {isa = PBXFileReference; explicitFileType = sourcecode.c; fileEncoding = 4; name = Float16.clvr; path = ../modules/Float16.clvr; sourceTree = "<group>"; };
		49F0B2522CAC406D009991A8 /* TestIntExpr09.asm */ = {isa = PBXFileReference; lastKnownFileType = sourcecode.asm.asm; name = TestIntExpr09.asm; path = ../Test/TestIntExpr09.asm; sourceTree = "<group>"; };
/* End PBXFileReference section */

/* Begin PBXFrameworksBuildPhase section */
		4941A0EC2BB6F59900CE3C9E /* Frameworks */ = {
			isa = PBXFrameworksBuildPhase;
			buildActionMask = 2147483647;
			files = (
			);
			runOnlyForDeploymentPostprocessing = 0;
		};
		49C164A62C0297FB00981AD1 /* Frameworks */ = {
			isa = PBXFrameworksBuildPhase;
			buildActionMask = 2147483647;
			files = (
			);
			runOnlyForDeploymentPostprocessing = 0;
		};
		49C9E7DF2C95129300E58516 /* Frameworks */ = {
			isa = PBXFrameworksBuildPhase;
			buildActionMask = 2147483647;
			files = (
			);
			runOnlyForDeploymentPostprocessing = 0;
		};
/* End PBXFrameworksBuildPhase section */

/* Begin PBXGroup section */
		4914A48C2C4DD63C003DDADA /* Test */ = {
			isa = PBXGroup;
			children = (
				4914A4972C4DD665003DDADA /* Test.ino */,
				4914A4912C4DD665003DDADA /* TestCore.clvr */,
				4914A48D2C4DD665003DDADA /* TestCore.h */,
				49A85D852C7A220500E8F5F3 /* TestIntExpr.clvr */,
				4993A6F32CAB6DA90060CCD4 /* TestIntExpr09.clvr */,
				49F0B2522CAC406D009991A8 /* TestIntExpr09.asm */,
				49A85D842C7A220500E8F5F3 /* TestFloatExpr.clvr */,
				4914A48F2C4DD665003DDADA /* TestIf.clvr */,
				4914A4992C4DD665003DDADA /* TestIf.h */,
				4914A4922C4DD665003DDADA /* TestFor.clvr */,
				4914A4932C4DD665003DDADA /* TestFor.h */,
				4914A49A2C4DD665003DDADA /* TestFunction.clvr */,
				4914A4982C4DD665003DDADA /* TestFunction.h */,
				4914A48E2C4DD665003DDADA /* TestPtrStruct.clvr */,
				4914A4942C4DD665003DDADA /* TestPtrStruct.h */,
				4914A4962C4DD665003DDADA /* TestWhile.clvr */,
				4914A4902C4DD665003DDADA /* TestWhile.h */,
				49A85D832C7A21B700E8F5F3 /* TestSwitchEnum.clvr */,
			);
			name = Test;
			sourceTree = "<group>";
		};
		4941A0E62BB6F59900CE3C9E = {
			isa = PBXGroup;
			children = (
				499B10C52C9B0B880060AF63 /* doc */,
				498F23C02DF0942700DFB022 /* Compiler */,
				498F23C92DF0942700DFB022 /* Runtime */,
				498F27D82DF0981500DFB022 /* Format */,
				4941A0F12BB6F59900CE3C9E /* mac */,
				4914A48C2C4DD63C003DDADA /* Test */,
				4941A1002BBA1CF300CE3C9E /* examples */,
				49E2F2972C8F461F007E0F0A /* modules */,
				4941A0F02BB6F59900CE3C9E /* Products */,
			);
			sourceTree = "<group>";
		};
		4941A0F02BB6F59900CE3C9E /* Products */ = {
			isa = PBXGroup;
			children = (
				4941A0EF2BB6F59900CE3C9E /* clvr */,
				49C164A92C0297FB00981AD1 /* clvr-interp */,
				49C9E7E22C95129300E58516 /* Clover */,
			);
			name = Products;
			sourceTree = "<group>";
		};
		4941A0F12BB6F59900CE3C9E /* mac */ = {
			isa = PBXGroup;
			children = (
				49D70D292C95E855000A325C /* Clover.cpp */,
				49C9E7B32C94F87500E58516 /* clvr-interp.cpp */,
				49C9E7B22C94F87500E58516 /* clvr.cpp */,
			);
			name = mac;
			sourceTree = "<group>";
		};
		4941A1002BBA1CF300CE3C9E /* examples */ = {
			isa = PBXGroup;
			children = (
				49AC18C72DBFF3E40089658D /* maze.c */,
				49D77B6A2CD44EDE00F5273B /* maze.clvr */,
				49C5B3292CCBF4D900B6911E /* BOSS9.clvr */,
				499B10C72C9B9A0B0060AF63 /* simple.asm */,
				49C164A42C025CD500981AD1 /* simple.clvr */,
			);
			name = examples;
			sourceTree = "<group>";
		};
		498F23C02DF0942700DFB022 /* Compiler */ = {
			isa = PBXGroup;
			children = (
				498F23A62DF0942700DFB022 /* AST.h */,
				498F23A72DF0942700DFB022 /* AST.cpp */,
				498F23A82DF0942700DFB022 /* CodeGen.h */,
				498F23A92DF0942700DFB022 /* CodeGen6809.h */,
				498F23AA2DF0942700DFB022 /* CodeGen6809.cpp */,
				498F23AC2DF0942700DFB022 /* CodeGenStackVM.h */,
				498F23AD2DF0942700DFB022 /* CodeGenStackVM.cpp */,
				498F23AE2DF0942700DFB022 /* Compiler.h */,
				498F23AF2DF0942700DFB022 /* Compiler.cpp */,
				498F23B02DF0942700DFB022 /* Decompiler.h */,
				498F23B12DF0942700DFB022 /* Decompiler.cpp */,
				498F23B22DF0942700DFB022 /* Enum.h */,
				498F23B32DF0942700DFB022 /* Function.h */,
				498F23B42DF0942700DFB022 /* Function.cpp */,
				498F23B52DF0942700DFB022 /* LICENSE */,
				498F23B62DF0942700DFB022 /* Module.h */,
				498F23B72DF0942700DFB022 /* Module.cpp */,
				498F23B92DF0942700DFB022 /* NativeCore.cpp */,
				498F23BA2DF0942700DFB022 /* OpInfo.h */,
				498F23BB2DF0942700DFB022 /* README.md */,
				498F23BC2DF0942700DFB022 /* Scanner.h */,
				498F23BD2DF0942700DFB022 /* Scanner.cpp */,
				498F23BE2DF0942700DFB022 /* Struct.h */,
				498F23BF2DF0942700DFB022 /* Symbol.h */,
				498F24E32DF0942700DFB022 /* simplecpp */,
			);
			name = Compiler;
			path = ../Compiler;
			sourceTree = SOURCE_ROOT;
		};
		498F23C92DF0942700DFB022 /* Runtime */ = {
			isa = PBXGroup;
			children = (
				498F23C12DF0942700DFB022 /* Clover.h */,
				498F23C22DF0942700DFB022 /* Defines.h */,
				498F23C32DF0942700DFB022 /* Interpreter.h */,
				498F23C42DF0942700DFB022 /* Interpreter.cpp */,
				498F23C52DF0942700DFB022 /* Memory.h */,
				498F23C72DF0942700DFB022 /* NativeCore.h */,
				498F23C82DF0942700DFB022 /* NativeCoreRuntime.cpp */,
			);
			name = Runtime;
			path = ../Runtime;
			sourceTree = SOURCE_ROOT;
		};
		498F24E32DF0942700DFB022 /* simplecpp */ = {
			isa = PBXGroup;
			children = (
				498F24E02DF0942700DFB022 /* simplecpp.h */,
				498F24E12DF0942700DFB022 /* simplecpp.cpp */,
			);
			name = simplecpp;
			path = ../simplecpp;
			sourceTree = SOURCE_ROOT;
		};
		498F27D82DF0981500DFB022 /* Format */ = {
			isa = PBXGroup;
			children = (
				498F27D42DF0981500DFB022 /* Format.h */,
				498F27D52DF0981500DFB022 /* Format.cpp */,
				498F27D62DF0981500DFB022 /* LICENSE */,
				498F27D72DF0981500DFB022 /* README.md */,
			);
			name = Format;
			path = /Users/cmarrin/Projects/git/Format;
			sourceTree = "<absolute>";
		};
		499B10C52C9B0B880060AF63 /* doc */ = {
			isa = PBXGroup;
			children = (
				499B10C62C9B0B9D0060AF63 /* CodeGenNotes.txt */,
			);
			name = doc;
			sourceTree = "<group>";
		};
		49E2F2972C8F461F007E0F0A /* modules */ = {
			isa = PBXGroup;
			children = (
				49E2F2982C8F4652007E0F0A /* Float16.clvr */,
			);
			name = modules;
			sourceTree = "<group>";
		};
/* End PBXGroup section */

/* Begin PBXNativeTarget section */
		4941A0EE2BB6F59900CE3C9E /* clvr */ = {
			isa = PBXNativeTarget;
			buildConfigurationList = 4941A0F62BB6F59900CE3C9E /* Build configuration list for PBXNativeTarget "clvr" */;
			buildPhases = (
				4941A0EB2BB6F59900CE3C9E /* Sources */,
				4941A0EC2BB6F59900CE3C9E /* Frameworks */,
				4941A0ED2BB6F59900CE3C9E /* CopyFiles */,
			);
			buildRules = (
			);
			dependencies = (
			);
			name = clvr;
			productName = Clover;
			productReference = 4941A0EF2BB6F59900CE3C9E /* clvr */;
			productType = "com.apple.product-type.tool";
		};
		49C164A82C0297FB00981AD1 /* clvr-interp */ = {
			isa = PBXNativeTarget;
			buildConfigurationList = 49C164AD2C0297FB00981AD1 /* Build configuration list for PBXNativeTarget "clvr-interp" */;
			buildPhases = (
				49C164A52C0297FB00981AD1 /* Sources */,
				49C164A62C0297FB00981AD1 /* Frameworks */,
				49C164A72C0297FB00981AD1 /* CopyFiles */,
			);
			buildRules = (
			);
			dependencies = (
			);
			name = "clvr-interp";
			productName = interp;
			productReference = 49C164A92C0297FB00981AD1 /* clvr-interp */;
			productType = "com.apple.product-type.tool";
		};
		49C9E7E12C95129300E58516 /* Clover */ = {
			isa = PBXNativeTarget;
			buildConfigurationList = 49C9E7E62C95129300E58516 /* Build configuration list for PBXNativeTarget "Clover" */;
			buildPhases = (
				49C9E7DE2C95129300E58516 /* Sources */,
				49C9E7DF2C95129300E58516 /* Frameworks */,
				49C9E7E02C95129300E58516 /* CopyFiles */,
			);
			buildRules = (
			);
			dependencies = (
			);
			name = Clover;
			productName = Clover;
			productReference = 49C9E7E22C95129300E58516 /* Clover */;
			productType = "com.apple.product-type.tool";
		};
/* End PBXNativeTarget section */

/* Begin PBXProject section */
		4941A0E72BB6F59900CE3C9E /* Project object */ = {
			isa = PBXProject;
			attributes = {
				BuildIndependentTargetsInParallel = 1;
				LastUpgradeCheck = 1540;
				TargetAttributes = {
					4941A0EE2BB6F59900CE3C9E = {
						CreatedOnToolsVersion = 15.2;
					};
					49C164A82C0297FB00981AD1 = {
						CreatedOnToolsVersion = 15.2;
					};
					49C9E7E12C95129300E58516 = {
						CreatedOnToolsVersion = 15.4;
					};
				};
			};
			buildConfigurationList = 4941A0EA2BB6F59900CE3C9E /* Build configuration list for PBXProject "Clover" */;
			compatibilityVersion = "Xcode 12.0";
			developmentRegion = en;
			hasScannedForEncodings = 0;
			knownRegions = (
				en,
				Base,
			);
			mainGroup = 4941A0E62BB6F59900CE3C9E;
			productRefGroup = 4941A0F02BB6F59900CE3C9E /* Products */;
			projectDirPath = "";
			projectRoot = "";
			targets = (
				4941A0EE2BB6F59900CE3C9E /* clvr */,
				49C164A82C0297FB00981AD1 /* clvr-interp */,
				49C9E7E12C95129300E58516 /* Clover */,
			);
		};
/* End PBXProject section */

/* Begin PBXSourcesBuildPhase section */
		4941A0EB2BB6F59900CE3C9E /* Sources */ = {
			isa = PBXSourcesBuildPhase;
			buildActionMask = 2147483647;
			files = (
				49C9E7B42C94F87500E58516 /* clvr.cpp in Sources */,
				498F24F32DF0942700DFB022 /* simplecpp.cpp in Sources */,
				498F27DB2DF0981500DFB022 /* Format.cpp in Sources */,
				498F24FB2DF0942700DFB022 /* Scanner.cpp in Sources */,
				498F25072DF0942700DFB022 /* NativeCore.cpp in Sources */,
				498F251E2DF0942700DFB022 /* AST.cpp in Sources */,
				498F25232DF0942700DFB022 /* Interpreter.cpp in Sources */,
				498F252B2DF0942700DFB022 /* CodeGenStackVM.cpp in Sources */,
				498F25432DF0942700DFB022 /* NativeCoreRuntime.cpp in Sources */,
				498F25572DF0942700DFB022 /* Function.cpp in Sources */,
				498F25672DF0942700DFB022 /* Compiler.cpp in Sources */,
				498F25842DF0942700DFB022 /* CodeGen6809.cpp in Sources */,
				498F25A62DF0942700DFB022 /* Module.cpp in Sources */,
				498F25B42DF0942700DFB022 /* Decompiler.cpp in Sources */,
			);
			runOnlyForDeploymentPostprocessing = 0;
		};
		49C164A52C0297FB00981AD1 /* Sources */ = {
			isa = PBXSourcesBuildPhase;
			buildActionMask = 2147483647;
			files = (
				498F27D92DF0981500DFB022 /* Format.cpp in Sources */,
				49C9E7BC2C94FB4200E58516 /* clvr-interp.cpp in Sources */,
				498F26FD2DF0942700DFB022 /* Interpreter.cpp in Sources */,
				498F271D2DF0942700DFB022 /* NativeCoreRuntime.cpp in Sources */,
			);
			runOnlyForDeploymentPostprocessing = 0;
		};
		49C9E7DE2C95129300E58516 /* Sources */ = {
			isa = PBXSourcesBuildPhase;
			buildActionMask = 2147483647;
			files = (
				49D70D2B2C95E86B000A325C /* Clover.cpp in Sources */,
				498F25DF2DF0942700DFB022 /* simplecpp.cpp in Sources */,
				498F27DA2DF0981500DFB022 /* Format.cpp in Sources */,
				498F25E72DF0942700DFB022 /* Scanner.cpp in Sources */,
				498F25F32DF0942700DFB022 /* NativeCore.cpp in Sources */,
				498F260A2DF0942700DFB022 /* AST.cpp in Sources */,
				498F260F2DF0942700DFB022 /* Interpreter.cpp in Sources */,
				498F26172DF0942700DFB022 /* CodeGenStackVM.cpp in Sources */,
				498F262F2DF0942700DFB022 /* NativeCoreRuntime.cpp in Sources */,
				498F26432DF0942700DFB022 /* Function.cpp in Sources */,
				498F26532DF0942700DFB022 /* Compiler.cpp in Sources */,
				498F26702DF0942700DFB022 /* CodeGen6809.cpp in Sources */,
				498F26922DF0942700DFB022 /* Module.cpp in Sources */,
				498F26A02DF0942700DFB022 /* Decompiler.cpp in Sources */,
			);
			runOnlyForDeploymentPostprocessing = 0;
		};
/* End PBXSourcesBuildPhase section */

/* Begin XCBuildConfiguration section */
		4941A0F42BB6F59900CE3C9E /* Debug */ = {
			isa = XCBuildConfiguration;
			buildSettings = {
				ALWAYS_SEARCH_USER_PATHS = NO;
				ASSETCATALOG_COMPILER_GENERATE_SWIFT_ASSET_SYMBOL_EXTENSIONS = YES;
				CLANG_ANALYZER_NONNULL = YES;
				CLANG_ANALYZER_NUMBER_OBJECT_CONVERSION = YES_AGGRESSIVE;
				CLANG_CXX_LANGUAGE_STANDARD = "gnu++20";
				CLANG_ENABLE_MODULES = YES;
				CLANG_ENABLE_OBJC_ARC = YES;
				CLANG_ENABLE_OBJC_WEAK = YES;
				CLANG_WARN_BLOCK_CAPTURE_AUTORELEASING = YES;
				CLANG_WARN_BOOL_CONVERSION = YES;
				CLANG_WARN_COMMA = YES;
				CLANG_WARN_CONSTANT_CONVERSION = YES;
				CLANG_WARN_DEPRECATED_OBJC_IMPLEMENTATIONS = YES;
				CLANG_WARN_DIRECT_OBJC_ISA_USAGE = YES_ERROR;
				CLANG_WARN_DOCUMENTATION_COMMENTS = YES;
				CLANG_WARN_EMPTY_BODY = YES;
				CLANG_WARN_ENUM_CONVERSION = YES;
				CLANG_WARN_INFINITE_RECURSION = YES;
				CLANG_WARN_INT_CONVERSION = YES;
				CLANG_WARN_NON_LITERAL_NULL_CONVERSION = YES;
				CLANG_WARN_OBJC_IMPLICIT_RETAIN_SELF = YES;
				CLANG_WARN_OBJC_LITERAL_CONVERSION = YES;
				CLANG_WARN_OBJC_ROOT_CLASS = YES_ERROR;
				CLANG_WARN_QUOTED_INCLUDE_IN_FRAMEWORK_HEADER = YES;
				CLANG_WARN_RANGE_LOOP_ANALYSIS = YES;
				CLANG_WARN_STRICT_PROTOTYPES = YES;
				CLANG_WARN_SUSPICIOUS_MOVE = YES;
				CLANG_WARN_UNGUARDED_AVAILABILITY = YES_AGGRESSIVE;
				CLANG_WARN_UNREACHABLE_CODE = YES;
				CLANG_WARN__DUPLICATE_METHOD_MATCH = YES;
				COPY_PHASE_STRIP = NO;
				DEAD_CODE_STRIPPING = YES;
				DEBUG_INFORMATION_FORMAT = dwarf;
				ENABLE_STRICT_OBJC_MSGSEND = YES;
				ENABLE_TESTABILITY = YES;
				ENABLE_USER_SCRIPT_SANDBOXING = YES;
				GCC_C_LANGUAGE_STANDARD = gnu17;
				GCC_DYNAMIC_NO_PIC = NO;
				GCC_NO_COMMON_BLOCKS = YES;
				GCC_OPTIMIZATION_LEVEL = 0;
				GCC_PREPROCESSOR_DEFINITIONS = (
					"DEBUG=1",
					"$(inherited)",
				);
				GCC_WARN_64_TO_32_BIT_CONVERSION = YES;
				GCC_WARN_ABOUT_RETURN_TYPE = YES_ERROR;
				GCC_WARN_UNDECLARED_SELECTOR = YES;
				GCC_WARN_UNINITIALIZED_AUTOS = YES_AGGRESSIVE;
				GCC_WARN_UNUSED_FUNCTION = YES;
				GCC_WARN_UNUSED_VARIABLE = YES;
				LOCALIZATION_PREFERS_STRING_CATALOGS = YES;
				MACOSX_DEPLOYMENT_TARGET = 13.6;
				MTL_ENABLE_DEBUG_INFO = INCLUDE_SOURCE;
				MTL_FAST_MATH = YES;
				ONLY_ACTIVE_ARCH = YES;
				SDKROOT = macosx;
			};
			name = Debug;
		};
		4941A0F52BB6F59900CE3C9E /* Release */ = {
			isa = XCBuildConfiguration;
			buildSettings = {
				ALWAYS_SEARCH_USER_PATHS = NO;
				ASSETCATALOG_COMPILER_GENERATE_SWIFT_ASSET_SYMBOL_EXTENSIONS = YES;
				CLANG_ANALYZER_NONNULL = YES;
				CLANG_ANALYZER_NUMBER_OBJECT_CONVERSION = YES_AGGRESSIVE;
				CLANG_CXX_LANGUAGE_STANDARD = "gnu++20";
				CLANG_ENABLE_MODULES = YES;
				CLANG_ENABLE_OBJC_ARC = YES;
				CLANG_ENABLE_OBJC_WEAK = YES;
				CLANG_WARN_BLOCK_CAPTURE_AUTORELEASING = YES;
				CLANG_WARN_BOOL_CONVERSION = YES;
				CLANG_WARN_COMMA = YES;
				CLANG_WARN_CONSTANT_CONVERSION = YES;
				CLANG_WARN_DEPRECATED_OBJC_IMPLEMENTATIONS = YES;
				CLANG_WARN_DIRECT_OBJC_ISA_USAGE = YES_ERROR;
				CLANG_WARN_DOCUMENTATION_COMMENTS = YES;
				CLANG_WARN_EMPTY_BODY = YES;
				CLANG_WARN_ENUM_CONVERSION = YES;
				CLANG_WARN_INFINITE_RECURSION = YES;
				CLANG_WARN_INT_CONVERSION = YES;
				CLANG_WARN_NON_LITERAL_NULL_CONVERSION = YES;
				CLANG_WARN_OBJC_IMPLICIT_RETAIN_SELF = YES;
				CLANG_WARN_OBJC_LITERAL_CONVERSION = YES;
				CLANG_WARN_OBJC_ROOT_CLASS = YES_ERROR;
				CLANG_WARN_QUOTED_INCLUDE_IN_FRAMEWORK_HEADER = YES;
				CLANG_WARN_RANGE_LOOP_ANALYSIS = YES;
				CLANG_WARN_STRICT_PROTOTYPES = YES;
				CLANG_WARN_SUSPICIOUS_MOVE = YES;
				CLANG_WARN_UNGUARDED_AVAILABILITY = YES_AGGRESSIVE;
				CLANG_WARN_UNREACHABLE_CODE = YES;
				CLANG_WARN__DUPLICATE_METHOD_MATCH = YES;
				COPY_PHASE_STRIP = NO;
				DEAD_CODE_STRIPPING = YES;
				DEBUG_INFORMATION_FORMAT = "dwarf-with-dsym";
				ENABLE_NS_ASSERTIONS = NO;
				ENABLE_STRICT_OBJC_MSGSEND = YES;
				ENABLE_USER_SCRIPT_SANDBOXING = YES;
				GCC_C_LANGUAGE_STANDARD = gnu17;
				GCC_NO_COMMON_BLOCKS = YES;
				GCC_WARN_64_TO_32_BIT_CONVERSION = YES;
				GCC_WARN_ABOUT_RETURN_TYPE = YES_ERROR;
				GCC_WARN_UNDECLARED_SELECTOR = YES;
				GCC_WARN_UNINITIALIZED_AUTOS = YES_AGGRESSIVE;
				GCC_WARN_UNUSED_FUNCTION = YES;
				GCC_WARN_UNUSED_VARIABLE = YES;
				LOCALIZATION_PREFERS_STRING_CATALOGS = YES;
				MACOSX_DEPLOYMENT_TARGET = 13.6;
				MTL_ENABLE_DEBUG_INFO = NO;
				MTL_FAST_MATH = YES;
				SDKROOT = macosx;
			};
			name = Release;
		};
		4941A0F72BB6F59900CE3C9E /* Debug */ = {
			isa = XCBuildConfiguration;
			buildSettings = {
				CLANG_CXX_LANGUAGE_STANDARD = "gnu++20";
				CODE_SIGN_STYLE = Automatic;
				DEAD_CODE_STRIPPING = YES;
				GCC_PREPROCESSOR_DEFINITIONS = (
					"DEBUG=1",
					COMPILE,
				);
				MACOSX_DEPLOYMENT_TARGET = 12.3;
				PRODUCT_NAME = "$(TARGET_NAME)";
			};
			name = Debug;
		};
		4941A0F82BB6F59900CE3C9E /* Release */ = {
			isa = XCBuildConfiguration;
			buildSettings = {
				CLANG_CXX_LANGUAGE_STANDARD = "gnu++20";
				CODE_SIGN_STYLE = Automatic;
				DEAD_CODE_STRIPPING = YES;
				GCC_PREPROCESSOR_DEFINITIONS = COMPILE;
				MACOSX_DEPLOYMENT_TARGET = 12.3;
				PRODUCT_NAME = "$(TARGET_NAME)";
			};
			name = Release;
		};
		49C164AE2C0297FB00981AD1 /* Debug */ = {
			isa = XCBuildConfiguration;
			buildSettings = {
				CODE_SIGN_STYLE = Automatic;
				DEAD_CODE_STRIPPING = YES;
				GCC_PREPROCESSOR_DEFINITIONS = (
					"DEBUG=1",
					RUNTIME,
				);
				PRODUCT_NAME = "$(TARGET_NAME)";
			};
			name = Debug;
		};
		49C164AF2C0297FB00981AD1 /* Release */ = {
			isa = XCBuildConfiguration;
			buildSettings = {
				CODE_SIGN_STYLE = Automatic;
				DEAD_CODE_STRIPPING = YES;
				GCC_PREPROCESSOR_DEFINITIONS = RUNTIME;
				PRODUCT_NAME = "$(TARGET_NAME)";
			};
			name = Release;
		};
		49C9E7E72C95129300E58516 /* Debug */ = {
			isa = XCBuildConfiguration;
			buildSettings = {
				CODE_SIGN_STYLE = Automatic;
				GCC_PREPROCESSOR_DEFINITIONS = (
					"DEBUG=1",
					"$(inherited)",
					COMPILE,
					RUNTIME,
				);
				MACOSX_DEPLOYMENT_TARGET = 12.3;
				PRODUCT_NAME = "$(TARGET_NAME)";
			};
			name = Debug;
		};
		49C9E7E82C95129300E58516 /* Release */ = {
			isa = XCBuildConfiguration;
			buildSettings = {
				CODE_SIGN_STYLE = Automatic;
				GCC_PREPROCESSOR_DEFINITIONS = (
					COMPILE,
					RUNTIME,
				);
				MACOSX_DEPLOYMENT_TARGET = 12.3;
				PRODUCT_NAME = "$(TARGET_NAME)";
			};
			name = Release;
		};
/* End XCBuildConfiguration section */

/* Begin XCConfigurationList section */
		4941A0EA2BB6F59900CE3C9E /* Build configuration list for PBXProject "Clover" */ = {
			isa = XCConfigurationList;
			buildConfigurations = (
				4941A0F42BB6F59900CE3C9E /* Debug */,
				4941A0F52BB6F59900CE3C9E /* Release */,
			);
			defaultConfigurationIsVisible = 0;
			defaultConfigurationName = Release;
		};
		4941A0F62BB6F59900CE3C9E /* Build configuration list for PBXNativeTarget "clvr" */ = {
			isa = XCConfigurationList;
			buildConfigurations = (
				4941A0F72BB6F59900CE3C9E /* Debug */,
				4941A0F82BB6F59900CE3C9E /* Release */,
			);
			defaultConfigurationIsVisible = 0;
			defaultConfigurationName = Release;
		};
		49C164AD2C0297FB00981AD1 /* Build configuration list for PBXNativeTarget "clvr-interp" */ = {
			isa = XCConfigurationList;
			buildConfigurations = (
				49C164AE2C0297FB00981AD1 /* Debug */,
				49C164AF2C0297FB00981AD1 /* Release */,
			);
			defaultConfigurationIsVisible = 0;
			defaultConfigurationName = Release;
		};
		49C9E7E62C95129300E58516 /* Build configuration list for PBXNativeTarget "Clover" */ = {
			isa = XCConfigurationList;
			buildConfigurations = (
				49C9E7E72C95129300E58516 /* Debug */,
				49C9E7E82C95129300E58516 /* Release */,
			);
			defaultConfigurationIsVisible = 0;
			defaultConfigurationName = Release;
		};
/* End XCConfigurationList section */
	};
	rootObject = 4941A0E72BB6F59900CE3C9E /* Project object */;
}
